
Microsoft Visual Studio Solution File, Format Version 12.00
# Visual Studio 15
VisualStudioVersion = 15.0.27130.2024
MinimumVisualStudioVersion = 10.0.40219.1
Project("{8BC9CEB8-8B4A-11D0-8D11-00A0C91BC942}") = "Input", "Input.vcxproj", "{422AB0BC-A473-4DAD-8967-0F246C4F320F}"
EndProject
Global
	GlobalSection(SolutionConfigurationPlatforms) = preSolution
		Debug|x64 = Debug|x64
		Debug|x86 = Debug|x86
		Release|x64 = Release|x64
		Release|x86 = Release|x86
	EndGlobalSection
	GlobalSection(ProjectConfigurationPlatforms) = postSolution
		{422AB0BC-A473-4DAD-8967-0F246C4F320F}.Debug|x64.ActiveCfg = Debug|x64
		{422AB0BC-A473-4DAD-8967-0F246C4F320F}.Debug|x64.Build.0 = Debug|x64
		{422AB0BC-A473-4DAD-8967-0F246C4F320F}.Debug|x86.ActiveCfg = Debug|Win32
		{422AB0BC-A473-4DAD-8967-0F246C4F320F}.Debug|x86.Build.0 = Debug|Win32
		{422AB0BC-A473-4DAD-8967-0F246C4F320F}.Release|x64.ActiveCfg = Release|x64
		{422AB0BC-A473-4DAD-8967-0F246C4F320F}.Release|x64.Build.0 = Release|x64
		{422AB0BC-A473-4DAD-8967-0F246C4F320F}.Release|x86.ActiveCfg = Release|Win32
		{422AB0BC-A473-4DAD-8967-0F246C4F320F}.Release|x86.Build.0 = Release|Win32
	EndGlobalSection
	GlobalSection(SolutionProperties) = preSolution
		HideSolutionNode = FALSE
	EndGlobalSection
	GlobalSection(ExtensibilityGlobals) = postSolution
		SolutionGuid = {15E9FBA7-BAD5-492E-9197-B19175A3009B}
	EndGlobalSection
EndGlobal
