
Microsoft Visual Studio Solution File, Format Version 12.00
# Visual Studio 15
VisualStudioVersion = 15.0.27703.2035
MinimumVisualStudioVersion = 10.0.40219.1
Project("{FAE04EC0-301F-11D3-BF4B-00C04F79EFBC}") = "Interface", "Interface\Interface.csproj", "{BDFC23D5-567C-4CBB-9BCB-417047D1DFCD}"
EndProject
Global
	GlobalSection(SolutionConfigurationPlatforms) = preSolution
		Debug|Any CPU = Debug|Any CPU
		Release|Any CPU = Release|Any CPU
	EndGlobalSection
	GlobalSection(ProjectConfigurationPlatforms) = postSolution
		{BDFC23D5-567C-4CBB-9BCB-417047D1DFCD}.Debug|Any CPU.ActiveCfg = Debug|Any CPU
		{BDFC23D5-567C-4CBB-9BCB-417047D1DFCD}.Debug|Any CPU.Build.0 = Debug|Any CPU
		{BDFC23D5-567C-4CBB-9BCB-417047D1DFCD}.Release|Any CPU.ActiveCfg = Release|Any CPU
		{BDFC23D5-567C-4CBB-9BCB-417047D1DFCD}.Release|Any CPU.Build.0 = Release|Any CPU
	EndGlobalSection
	GlobalSection(SolutionProperties) = preSolution
		HideSolutionNode = FALSE
	EndGlobalSection
	GlobalSection(ExtensibilityGlobals) = postSolution
		SolutionGuid = {10130410-99F5-4798-B2A7-D019E314A62A}
	EndGlobalSection
EndGlobal
