
Microsoft Visual Studio Solution File, Format Version 12.00
# Visual Studio 15
VisualStudioVersion = 15.0.27703.2035
MinimumVisualStudioVersion = 10.0.40219.1
Project("{FAE04EC0-301F-11D3-BF4B-00C04F79EFBC}") = "CsInterface", "CsInterface\CsInterface.csproj", "{0161674A-BC4C-44EF-84D4-6D8F8F2B88BB}"
EndProject
Global
	GlobalSection(SolutionConfigurationPlatforms) = preSolution
		Debug|Any CPU = Debug|Any CPU
		Release|Any CPU = Release|Any CPU
	EndGlobalSection
	GlobalSection(ProjectConfigurationPlatforms) = postSolution
		{0161674A-BC4C-44EF-84D4-6D8F8F2B88BB}.Debug|Any CPU.ActiveCfg = Debug|Any CPU
		{0161674A-BC4C-44EF-84D4-6D8F8F2B88BB}.Debug|Any CPU.Build.0 = Debug|Any CPU
		{0161674A-BC4C-44EF-84D4-6D8F8F2B88BB}.Release|Any CPU.ActiveCfg = Release|Any CPU
		{0161674A-BC4C-44EF-84D4-6D8F8F2B88BB}.Release|Any CPU.Build.0 = Release|Any CPU
	EndGlobalSection
	GlobalSection(SolutionProperties) = preSolution
		HideSolutionNode = FALSE
	EndGlobalSection
	GlobalSection(ExtensibilityGlobals) = postSolution
		SolutionGuid = {4A647C21-E6AE-4B01-A7CC-525954A34299}
	EndGlobalSection
EndGlobal
